
Microsoft Visual Studio Solution File, Format Version 12.00
# Visual Studio Version 16
VisualStudioVersion = 16.0.32106.194
MinimumVisualStudioVersion = 10.0.40219.1
Project("{FAE04EC0-301F-11D3-BF4B-00C04F79EFBC}") = "eMoviesTickets", "eMoviesTickets\eMoviesTickets.csproj", "{0B4CB300-CEDB-42B3-B8A5-5909D58F9E07}"
EndProject
Global
	GlobalSection(SolutionConfigurationPlatforms) = preSolution
		Debug|Any CPU = Debug|Any CPU
		Release|Any CPU = Release|Any CPU
	EndGlobalSection
	GlobalSection(ProjectConfigurationPlatforms) = postSolution
		{0B4CB300-CEDB-42B3-B8A5-5909D58F9E07}.Debug|Any CPU.ActiveCfg = Debug|Any CPU
		{0B4CB300-CEDB-42B3-B8A5-5909D58F9E07}.Debug|Any CPU.Build.0 = Debug|Any CPU
		{0B4CB300-CEDB-42B3-B8A5-5909D58F9E07}.Release|Any CPU.ActiveCfg = Release|Any CPU
		{0B4CB300-CEDB-42B3-B8A5-5909D58F9E07}.Release|Any CPU.Build.0 = Release|Any CPU
	EndGlobalSection
	GlobalSection(SolutionProperties) = preSolution
		HideSolutionNode = FALSE
	EndGlobalSection
	GlobalSection(ExtensibilityGlobals) = postSolution
		SolutionGuid = {0D112E08-F085-4E3D-B38C-FD81F4C6BB48}
	EndGlobalSection
EndGlobal
